
Microsoft Visual Studio Solution File, Format Version 12.00
# Visual Studio 15
VisualStudioVersion = 15.0.28010.2048
MinimumVisualStudioVersion = 10.0.40219.1
Project("{FAE04EC0-301F-11D3-BF4B-00C04F79EFBC}") = "Vjezba1Pravokutnik", "Vjezba1Pravokutnik\Vjezba1Pravokutnik.csproj", "{0E5A0C71-587B-453B-B9C7-CBC6FD9DF9AA}"
EndProject
Global
	GlobalSection(SolutionConfigurationPlatforms) = preSolution
		Debug|Any CPU = Debug|Any CPU
		Release|Any CPU = Release|Any CPU
	EndGlobalSection
	GlobalSection(ProjectConfigurationPlatforms) = postSolution
		{0E5A0C71-587B-453B-B9C7-CBC6FD9DF9AA}.Debug|Any CPU.ActiveCfg = Debug|Any CPU
		{0E5A0C71-587B-453B-B9C7-CBC6FD9DF9AA}.Debug|Any CPU.Build.0 = Debug|Any CPU
		{0E5A0C71-587B-453B-B9C7-CBC6FD9DF9AA}.Release|Any CPU.ActiveCfg = Release|Any CPU
		{0E5A0C71-587B-453B-B9C7-CBC6FD9DF9AA}.Release|Any CPU.Build.0 = Release|Any CPU
	EndGlobalSection
	GlobalSection(SolutionProperties) = preSolution
		HideSolutionNode = FALSE
	EndGlobalSection
	GlobalSection(ExtensibilityGlobals) = postSolution
		SolutionGuid = {1A26B603-1C07-464D-A6A1-31E67673EFBB}
	EndGlobalSection
EndGlobal
